// !$*UTF8*$!
{
	archiveVersion = 1;
	classes = {
	};
	objectVersion = 48;
	objects = {

/* Begin PBXBuildFile section */
		5CEAECBE06D1928551C8E7E4 /* libPods-dicstore.a in Frameworks */ = {isa = PBXBuildFile; fileRef = 62E429BF4C149E9BAE7DACFF /* libPods-dicstore.a */; };
		6C8F7FAE1FE9444A00D471F4 /* AppDelegate.m in Sources */ = {isa = PBXBuildFile; fileRef = 6C8F7FAD1FE9444A00D471F4 /* AppDelegate.m */; };
		6C8F7FB11FE9444A00D471F4 /* ViewController.m in Sources */ = {isa = PBXBuildFile; fileRef = 6C8F7FB01FE9444A00D471F4 /* ViewController.m */; };
		6C8F7FB41FE9444A00D471F4 /* Main.storyboard in Resources */ = {isa = PBXBuildFile; fileRef = 6C8F7FB21FE9444A00D471F4 /* Main.storyboard */; };
		6C8F7FB61FE9444A00D471F4 /* Assets.xcassets in Resources */ = {isa = PBXBuildFile; fileRef = 6C8F7FB51FE9444A00D471F4 /* Assets.xcassets */; };
		6C8F7FB91FE9444A00D471F4 /* LaunchScreen.storyboard in Resources */ = {isa = PBXBuildFile; fileRef = 6C8F7FB71FE9444A00D471F4 /* LaunchScreen.storyboard */; };
		6C8F7FBC1FE9444A00D471F4 /* main.m in Sources */ = {isa = PBXBuildFile; fileRef = 6C8F7FBB1FE9444A00D471F4 /* main.m */; };
		6C8F7FC81FE949C500D471F4 /* DicStoreTableViewController.m in Sources */ = {isa = PBXBuildFile; fileRef = 6C8F7FC71FE949C500D471F4 /* DicStoreTableViewController.m */; };
/* End PBXBuildFile section */

/* Begin PBXFileReference section */
		62E429BF4C149E9BAE7DACFF /* libPods-dicstore.a */ = {isa = PBXFileReference; explicitFileType = archive.ar; includeInIndex = 0; path = "libPods-dicstore.a"; sourceTree = BUILT_PRODUCTS_DIR; };
		6C8F7FA91FE9444A00D471F4 /* dicstore.app */ = {isa = PBXFileReference; explicitFileType = wrapper.application; includeInIndex = 0; path = dicstore.app; sourceTree = BUILT_PRODUCTS_DIR; };
		6C8F7FAC1FE9444A00D471F4 /* AppDelegate.h */ = {isa = PBXFileReference; lastKnownFileType = sourcecode.c.h; path = AppDelegate.h; sourceTree = "<group>"; };
		6C8F7FAD1FE9444A00D471F4 /* AppDelegate.m */ = {isa = PBXFileReference; lastKnownFileType = sourcecode.c.objc; path = AppDelegate.m; sourceTree = "<group>"; };
		6C8F7FAF1FE9444A00D471F4 /* ViewController.h */ = {isa = PBXFileReference; lastKnownFileType = sourcecode.c.h; path = ViewController.h; sourceTree = "<group>"; };
		6C8F7FB01FE9444A00D471F4 /* ViewController.m */ = {isa = PBXFileReference; lastKnownFileType = sourcecode.c.objc; path = ViewController.m; sourceTree = "<group>"; };
		6C8F7FB31FE9444A00D471F4 /* Base */ = {isa = PBXFileReference; lastKnownFileType = file.storyboard; name = Base; path = Base.lproj/Main.storyboard; sourceTree = "<group>"; };
		6C8F7FB51FE9444A00D471F4 /* Assets.xcassets */ = {isa = PBXFileReference; lastKnownFileType = folder.assetcatalog; path = Assets.xcassets; sourceTree = "<group>"; };
		6C8F7FB81FE9444A00D471F4 /* Base */ = {isa = PBXFileReference; lastKnownFileType = file.storyboard; name = Base; path = Base.lproj/LaunchScreen.storyboard; sourceTree = "<group>"; };
		6C8F7FBA1FE9444A00D471F4 /* Info.plist */ = {isa = PBXFileReference; lastKnownFileType = text.plist.xml; path = Info.plist; sourceTree = "<group>"; };
		6C8F7FBB1FE9444A00D471F4 /* main.m */ = {isa = PBXFileReference; lastKnownFileType = sourcecode.c.objc; path = main.m; sourceTree = "<group>"; };
		6C8F7FC61FE949C500D471F4 /* DicStoreTableViewController.h */ = {isa = PBXFileReference; lastKnownFileType = sourcecode.c.h; path = DicStoreTableViewController.h; sourceTree = "<group>"; };
		6C8F7FC71FE949C500D471F4 /* DicStoreTableViewController.m */ = {isa = PBXFileReference; lastKnownFileType = sourcecode.c.objc; path = DicStoreTableViewController.m; sourceTree = "<group>"; };
		A759B749F4C60D4CF600038F /* Pods-dicstore.release.xcconfig */ = {isa = PBXFileReference; includeInIndex = 1; lastKnownFileType = text.xcconfig; name = "Pods-dicstore.release.xcconfig"; path = "Pods/Target Support Files/Pods-dicstore/Pods-dicstore.release.xcconfig"; sourceTree = "<group>"; };
		F278EF62FB2F67678FC8BD82 /* Pods-dicstore.debug.xcconfig */ = {isa = PBXFileReference; includeInIndex = 1; lastKnownFileType = text.xcconfig; name = "Pods-dicstore.debug.xcconfig"; path = "Pods/Target Support Files/Pods-dicstore/Pods-dicstore.debug.xcconfig"; sourceTree = "<group>"; };
/* End PBXFileReference section */

/* Begin PBXFrameworksBuildPhase section */
		6C8F7FA61FE9444A00D471F4 /* Frameworks */ = {
			isa = PBXFrameworksBuildPhase;
			buildActionMask = 2147483647;
			files = (
				5CEAECBE06D1928551C8E7E4 /* libPods-dicstore.a in Frameworks */,
			);
			runOnlyForDeploymentPostprocessing = 0;
		};
/* End PBXFrameworksBuildPhase section */

/* Begin PBXGroup section */
		69D2C0D339ED338E663CEA70 /* Pods */ = {
			isa = PBXGroup;
			children = (
				F278EF62FB2F67678FC8BD82 /* Pods-dicstore.debug.xcconfig */,
				A759B749F4C60D4CF600038F /* Pods-dicstore.release.xcconfig */,
			);
			name = Pods;
			sourceTree = "<group>";
		};
		6C8F7FA01FE9444A00D471F4 = {
			isa = PBXGroup;
			children = (
				6C8F7FAB1FE9444A00D471F4 /* dicstore */,
				6C8F7FAA1FE9444A00D471F4 /* Products */,
				69D2C0D339ED338E663CEA70 /* Pods */,
				F9B8F9D6772DF9D8E852AF17 /* Frameworks */,
			);
			sourceTree = "<group>";
		};
		6C8F7FAA1FE9444A00D471F4 /* Products */ = {
			isa = PBXGroup;
			children = (
				6C8F7FA91FE9444A00D471F4 /* dicstore.app */,
			);
			name = Products;
			sourceTree = "<group>";
		};
		6C8F7FAB1FE9444A00D471F4 /* dicstore */ = {
			isa = PBXGroup;
			children = (
				6C8F7FC21FE9498000D471F4 /* dicstore */,
				6C8F7FAC1FE9444A00D471F4 /* AppDelegate.h */,
				6C8F7FAD1FE9444A00D471F4 /* AppDelegate.m */,
				6C8F7FAF1FE9444A00D471F4 /* ViewController.h */,
				6C8F7FB01FE9444A00D471F4 /* ViewController.m */,
				6C8F7FB21FE9444A00D471F4 /* Main.storyboard */,
				6C8F7FB51FE9444A00D471F4 /* Assets.xcassets */,
				6C8F7FB71FE9444A00D471F4 /* LaunchScreen.storyboard */,
				6C8F7FBA1FE9444A00D471F4 /* Info.plist */,
				6C8F7FBB1FE9444A00D471F4 /* main.m */,
			);
			path = dicstore;
			sourceTree = "<group>";
		};
		6C8F7FC21FE9498000D471F4 /* dicstore */ = {
			isa = PBXGroup;
			children = (
				6C8F7FC61FE949C500D471F4 /* DicStoreTableViewController.h */,
				6C8F7FC71FE949C500D471F4 /* DicStoreTableViewController.m */,
			);
			path = dicstore;
			sourceTree = "<group>";
		};
		F9B8F9D6772DF9D8E852AF17 /* Frameworks */ = {
			isa = PBXGroup;
			children = (
				62E429BF4C149E9BAE7DACFF /* libPods-dicstore.a */,
			);
			name = Frameworks;
			sourceTree = "<group>";
		};
/* End PBXGroup section */

/* Begin PBXNativeTarget section */
		6C8F7FA81FE9444A00D471F4 /* dicstore */ = {
			isa = PBXNativeTarget;
			buildConfigurationList = 6C8F7FBF1FE9444A00D471F4 /* Build configuration list for PBXNativeTarget "dicstore" */;
			buildPhases = (
				32AE904F24A185D1ED5E64FC /* [CP] Check Pods Manifest.lock */,
				6C8F7FA51FE9444A00D471F4 /* Sources */,
				6C8F7FA61FE9444A00D471F4 /* Frameworks */,
				6C8F7FA71FE9444A00D471F4 /* Resources */,
				A17CFE96F412F06DCAF503E5 /* [CP] Embed Pods Frameworks */,
				EDAE052F26046B802D3DAB08 /* [CP] Copy Pods Resources */,
			);
			buildRules = (
			);
			dependencies = (
			);
			name = dicstore;
			productName = dicstore;
			productReference = 6C8F7FA91FE9444A00D471F4 /* dicstore.app */;
			productType = "com.apple.product-type.application";
		};
/* End PBXNativeTarget section */

/* Begin PBXProject section */
		6C8F7FA11FE9444A00D471F4 /* Project object */ = {
			isa = PBXProject;
			attributes = {
				LastUpgradeCheck = 0920;
				ORGANIZATIONNAME = neng;
				TargetAttributes = {
					6C8F7FA81FE9444A00D471F4 = {
						CreatedOnToolsVersion = 9.2;
						ProvisioningStyle = Automatic;
					};
				};
			};
			buildConfigurationList = 6C8F7FA41FE9444A00D471F4 /* Build configuration list for PBXProject "dicstore" */;
			compatibilityVersion = "Xcode 8.0";
			developmentRegion = en;
			hasScannedForEncodings = 0;
			knownRegions = (
				en,
				Base,
			);
			mainGroup = 6C8F7FA01FE9444A00D471F4;
			productRefGroup = 6C8F7FAA1FE9444A00D471F4 /* Products */;
			projectDirPath = "";
			projectRoot = "";
			targets = (
				6C8F7FA81FE9444A00D471F4 /* dicstore */,
			);
		};
/* End PBXProject section */

/* Begin PBXResourcesBuildPhase section */
		6C8F7FA71FE9444A00D471F4 /* Resources */ = {
			isa = PBXResourcesBuildPhase;
			buildActionMask = 2147483647;
			files = (
				6C8F7FB91FE9444A00D471F4 /* LaunchScreen.storyboard in Resources */,
				6C8F7FB61FE9444A00D471F4 /* Assets.xcassets in Resources */,
				6C8F7FB41FE9444A00D471F4 /* Main.storyboard in Resources */,
			);
			runOnlyForDeploymentPostprocessing = 0;
		};
/* End PBXResourcesBuildPhase section */

/* Begin PBXShellScriptBuildPhase section */
		32AE904F24A185D1ED5E64FC /* [CP] Check Pods Manifest.lock */ = {
			isa = PBXShellScriptBuildPhase;
			buildActionMask = 2147483647;
			files = (
			);
			inputPaths = (
				"${PODS_PODFILE_DIR_PATH}/Podfile.lock",
				"${PODS_ROOT}/Manifest.lock",
			);
			name = "[CP] Check Pods Manifest.lock";
			outputPaths = (
				"$(DERIVED_FILE_DIR)/Pods-dicstore-checkManifestLockResult.txt",
			);
			runOnlyForDeploymentPostprocessing = 0;
			shellPath = /bin/sh;
			shellScript = "diff \"${PODS_PODFILE_DIR_PATH}/Podfile.lock\" \"${PODS_ROOT}/Manifest.lock\" > /dev/null\nif [ $? != 0 ] ; then\n    # print error to STDERR\n    echo \"error: The sandbox is not in sync with the Podfile.lock. Run 'pod install' or update your CocoaPods installation.\" >&2\n    exit 1\nfi\n# This output is used by Xcode 'outputs' to avoid re-running this script phase.\necho \"SUCCESS\" > \"${SCRIPT_OUTPUT_FILE_0}\"\n";
			showEnvVarsInLog = 0;
		};
		A17CFE96F412F06DCAF503E5 /* [CP] Embed Pods Frameworks */ = {
			isa = PBXShellScriptBuildPhase;
			buildActionMask = 2147483647;
			files = (
			);
			inputPaths = (
			);
			name = "[CP] Embed Pods Frameworks";
			outputPaths = (
			);
			runOnlyForDeploymentPostprocessing = 0;
			shellPath = /bin/sh;
			shellScript = "\"${SRCROOT}/Pods/Target Support Files/Pods-dicstore/Pods-dicstore-frameworks.sh\"\n";
			showEnvVarsInLog = 0;
		};
		EDAE052F26046B802D3DAB08 /* [CP] Copy Pods Resources */ = {
			isa = PBXShellScriptBuildPhase;
			buildActionMask = 2147483647;
			files = (
			);
			inputPaths = (
			);
			name = "[CP] Copy Pods Resources";
			outputPaths = (
			);
			runOnlyForDeploymentPostprocessing = 0;
			shellPath = /bin/sh;
			shellScript = "\"${SRCROOT}/Pods/Target Support Files/Pods-dicstore/Pods-dicstore-resources.sh\"\n";
			showEnvVarsInLog = 0;
		};
/* End PBXShellScriptBuildPhase section */

/* Begin PBXSourcesBuildPhase section */
		6C8F7FA51FE9444A00D471F4 /* Sources */ = {
			isa = PBXSourcesBuildPhase;
			buildActionMask = 2147483647;
			files = (
				6C8F7FC81FE949C500D471F4 /* DicStoreTableViewController.m in Sources */,
				6C8F7FB11FE9444A00D471F4 /* ViewController.m in Sources */,
				6C8F7FBC1FE9444A00D471F4 /* main.m in Sources */,
				6C8F7FAE1FE9444A00D471F4 /* AppDelegate.m in Sources */,
			);
			runOnlyForDeploymentPostprocessing = 0;
		};
/* End PBXSourcesBuildPhase section */

/* Begin PBXVariantGroup section */
		6C8F7FB21FE9444A00D471F4 /* Main.storyboard */ = {
			isa = PBXVariantGroup;
			children = (
				6C8F7FB31FE9444A00D471F4 /* Base */,
			);
			name = Main.storyboard;
			sourceTree = "<group>";
		};
		6C8F7FB71FE9444A00D471F4 /* LaunchScreen.storyboard */ = {
			isa = PBXVariantGroup;
			children = (
				6C8F7FB81FE9444A00D471F4 /* Base */,
			);
			name = LaunchScreen.storyboard;
			sourceTree = "<group>";
		};
/* End PBXVariantGroup section */

/* Begin XCBuildConfiguration section */
		6C8F7FBD1FE9444A00D471F4 /* Debug */ = {
			isa = XCBuildConfiguration;
			buildSettings = {
				ALWAYS_SEARCH_USER_PATHS = NO;
				CLANG_ANALYZER_NONNULL = YES;
				CLANG_ANALYZER_NUMBER_OBJECT_CONVERSION = YES_AGGRESSIVE;
				CLANG_CXX_LANGUAGE_STANDARD = "gnu++14";
				CLANG_CXX_LIBRARY = "libc++";
				CLANG_ENABLE_MODULES = YES;
				CLANG_ENABLE_OBJC_ARC = YES;
				CLANG_WARN_BLOCK_CAPTURE_AUTORELEASING = YES;
				CLANG_WARN_BOOL_CONVERSION = YES;
				CLANG_WARN_COMMA = YES;
				CLANG_WARN_CONSTANT_CONVERSION = YES;
				CLANG_WARN_DIRECT_OBJC_ISA_USAGE = YES_ERROR;
				CLANG_WARN_DOCUMENTATION_COMMENTS = YES;
				CLANG_WARN_EMPTY_BODY = YES;
				CLANG_WARN_ENUM_CONVERSION = YES;
				CLANG_WARN_INFINITE_RECURSION = YES;
				CLANG_WARN_INT_CONVERSION = YES;
				CLANG_WARN_NON_LITERAL_NULL_CONVERSION = YES;
				CLANG_WARN_OBJC_LITERAL_CONVERSION = YES;
				CLANG_WARN_OBJC_ROOT_CLASS = YES_ERROR;
				CLANG_WARN_RANGE_LOOP_ANALYSIS = YES;
				CLANG_WARN_STRICT_PROTOTYPES = YES;
				CLANG_WARN_SUSPICIOUS_MOVE = YES;
				CLANG_WARN_UNGUARDED_AVAILABILITY = YES_AGGRESSIVE;
				CLANG_WARN_UNREACHABLE_CODE = YES;
				CLANG_WARN__DUPLICATE_METHOD_MATCH = YES;
				CODE_SIGN_IDENTITY = "iPhone Developer";
				COPY_PHASE_STRIP = NO;
				DEBUG_INFORMATION_FORMAT = dwarf;
				ENABLE_STRICT_OBJC_MSGSEND = YES;
				ENABLE_TESTABILITY = YES;
				GCC_C_LANGUAGE_STANDARD = gnu11;
				GCC_DYNAMIC_NO_PIC = NO;
				GCC_NO_COMMON_BLOCKS = YES;
				GCC_OPTIMIZATION_LEVEL = 0;
				GCC_PREPROCESSOR_DEFINITIONS = (
					"DEBUG=1",
					"$(inherited)",
				);
				GCC_WARN_64_TO_32_BIT_CONVERSION = YES;
				GCC_WARN_ABOUT_RETURN_TYPE = YES_ERROR;
				GCC_WARN_UNDECLARED_SELECTOR = YES;
				GCC_WARN_UNINITIALIZED_AUTOS = YES_AGGRESSIVE;
				GCC_WARN_UNUSED_FUNCTION = YES;
				GCC_WARN_UNUSED_VARIABLE = YES;
				IPHONEOS_DEPLOYMENT_TARGET = 11.2;
				MTL_ENABLE_DEBUG_INFO = YES;
				ONLY_ACTIVE_ARCH = YES;
				SDKROOT = iphoneos;
			};
			name = Debug;
		};
		6C8F7FBE1FE9444A00D471F4 /* Release */ = {
			isa = XCBuildConfiguration;
			buildSettings = {
				ALWAYS_SEARCH_USER_PATHS = NO;
				CLANG_ANALYZER_NONNULL = YES;
				CLANG_ANALYZER_NUMBER_OBJECT_CONVERSION = YES_AGGRESSIVE;
				CLANG_CXX_LANGUAGE_STANDARD = "gnu++14";
				CLANG_CXX_LIBRARY = "libc++";
				CLANG_ENABLE_MODULES = YES;
				CLANG_ENABLE_OBJC_ARC = YES;
				CLANG_WARN_BLOCK_CAPTURE_AUTORELEASING = YES;
				CLANG_WARN_BOOL_CONVERSION = YES;
				CLANG_WARN_COMMA = YES;
				CLANG_WARN_CONSTANT_CONVERSION = YES;
				CLANG_WARN_DIRECT_OBJC_ISA_USAGE = YES_ERROR;
				CLANG_WARN_DOCUMENTATION_COMMENTS = YES;
				CLANG_WARN_EMPTY_BODY = YES;
				CLANG_WARN_ENUM_CONVERSION = YES;
				CLANG_WARN_INFINITE_RECURSION = YES;
				CLANG_WARN_INT_CONVERSION = YES;
				CLANG_WARN_NON_LITERAL_NULL_CONVERSION = YES;
				CLANG_WARN_OBJC_LITERAL_CONVERSION = YES;
				CLANG_WARN_OBJC_ROOT_CLASS = YES_ERROR;
				CLANG_WARN_RANGE_LOOP_ANALYSIS = YES;
				CLANG_WARN_STRICT_PROTOTYPES = YES;
				CLANG_WARN_SUSPICIOUS_MOVE = YES;
				CLANG_WARN_UNGUARDED_AVAILABILITY = YES_AGGRESSIVE;
				CLANG_WARN_UNREACHABLE_CODE = YES;
				CLANG_WARN__DUPLICATE_METHOD_MATCH = YES;
				CODE_SIGN_IDENTITY = "iPhone Developer";
				COPY_PHASE_STRIP = NO;
				DEBUG_INFORMATION_FORMAT = "dwarf-with-dsym";
				ENABLE_NS_ASSERTIONS = NO;
				ENABLE_STRICT_OBJC_MSGSEND = YES;
				GCC_C_LANGUAGE_STANDARD = gnu11;
				GCC_NO_COMMON_BLOCKS = YES;
				GCC_WARN_64_TO_32_BIT_CONVERSION = YES;
				GCC_WARN_ABOUT_RETURN_TYPE = YES_ERROR;
				GCC_WARN_UNDECLARED_SELECTOR = YES;
				GCC_WARN_UNINITIALIZED_AUTOS = YES_AGGRESSIVE;
				GCC_WARN_UNUSED_FUNCTION = YES;
				GCC_WARN_UNUSED_VARIABLE = YES;
				IPHONEOS_DEPLOYMENT_TARGET = 11.2;
				MTL_ENABLE_DEBUG_INFO = NO;
				SDKROOT = iphoneos;
				VALIDATE_PRODUCT = YES;
			};
			name = Release;
		};
		6C8F7FC01FE9444A00D471F4 /* Debug */ = {
			isa = XCBuildConfiguration;
			baseConfigurationReference = F278EF62FB2F67678FC8BD82 /* Pods-dicstore.debug.xcconfig */;
			buildSettings = {
				ASSETCATALOG_COMPILER_APPICON_NAME = AppIcon;
				CODE_SIGN_STYLE = Automatic;
				INFOPLIST_FILE = dicstore/Info.plist;
				LD_RUNPATH_SEARCH_PATHS = "$(inherited) @executable_path/Frameworks";
				PRODUCT_BUNDLE_IDENTIFIER = com.company.dicstore;
				PRODUCT_NAME = "$(TARGET_NAME)";
				TARGETED_DEVICE_FAMILY = "1,2";
			};
			name = Debug;
		};
		6C8F7FC11FE9444A00D471F4 /* Release */ = {
			isa = XCBuildConfiguration;
			baseConfigurationReference = A759B749F4C60D4CF600038F /* Pods-dicstore.release.xcconfig */;
			buildSettings = {
				ASSETCATALOG_COMPILER_APPICON_NAME = AppIcon;
				CODE_SIGN_STYLE = Automatic;
				INFOPLIST_FILE = dicstore/Info.plist;
				LD_RUNPATH_SEARCH_PATHS = "$(inherited) @executable_path/Frameworks";
				PRODUCT_BUNDLE_IDENTIFIER = com.company.dicstore;
				PRODUCT_NAME = "$(TARGET_NAME)";
				TARGETED_DEVICE_FAMILY = "1,2";
			};
			name = Release;
		};
/* End XCBuildConfiguration section */

/* Begin XCConfigurationList section */
		6C8F7FA41FE9444A00D471F4 /* Build configuration list for PBXProject "dicstore" */ = {
			isa = XCConfigurationList;
			buildConfigurations = (
				6C8F7FBD1FE9444A00D471F4 /* Debug */,
				6C8F7FBE1FE9444A00D471F4 /* Release */,
			);
			defaultConfigurationIsVisible = 0;
			defaultConfigurationName = Release;
		};
		6C8F7FBF1FE9444A00D471F4 /* Build configuration list for PBXNativeTarget "dicstore" */ = {
			isa = XCConfigurationList;
			buildConfigurations = (
				6C8F7FC01FE9444A00D471F4 /* Debug */,
				6C8F7FC11FE9444A00D471F4 /* Release */,
			);
			defaultConfigurationIsVisible = 0;
			defaultConfigurationName = Release;
		};
/* End XCConfigurationList section */
	};
	rootObject = 6C8F7FA11FE9444A00D471F4 /* Project object */;
}
